// !$*UTF8*$!
{
	archiveVersion = 1;
	classes = {
	};
	objectVersion = 48;
	objects = {

/* Begin PBXBuildFile section */
		720C2AFA2031B44F00A84D60 /* AppDelegate.swift in Sources */ = {isa = PBXBuildFile; fileRef = 720C2AF92031B44F00A84D60 /* AppDelegate.swift */; };
		720C2AFC2031B44F00A84D60 /* ViewController.swift in Sources */ = {isa = PBXBuildFile; fileRef = 720C2AFB2031B44F00A84D60 /* ViewController.swift */; };
		720C2AFF2031B44F00A84D60 /* Main.storyboard in Resources */ = {isa = PBXBuildFile; fileRef = 720C2AFD2031B44F00A84D60 /* Main.storyboard */; };
		720C2B012031B44F00A84D60 /* Assets.xcassets in Resources */ = {isa = PBXBuildFile; fileRef = 720C2B002031B44F00A84D60 /* Assets.xcassets */; };
		720C2B042031B44F00A84D60 /* LaunchScreen.storyboard in Resources */ = {isa = PBXBuildFile; fileRef = 720C2B022031B44F00A84D60 /* LaunchScreen.storyboard */; };
		720C2B0F2031B8EE00A84D60 /* Localizable.strings in Resources */ = {isa = PBXBuildFile; fileRef = 720C2B112031B8EE00A84D60 /* Localizable.strings */; };
		720C2B1F2031BE6100A84D60 /* InfoPlist.strings in Resources */ = {isa = PBXBuildFile; fileRef = 720C2B212031BE6100A84D60 /* InfoPlist.strings */; };
		720C2B252031BF0200A84D60 /* Info.plist in Resources */ = {isa = PBXBuildFile; fileRef = 720C2B232031BF0200A84D60 /* Info.plist */; };
/* End PBXBuildFile section */

/* Begin PBXFileReference section */
		720C2AF62031B44F00A84D60 /* Localize.app */ = {isa = PBXFileReference; explicitFileType = wrapper.application; includeInIndex = 0; path = Localize.app; sourceTree = BUILT_PRODUCTS_DIR; };
		720C2AF92031B44F00A84D60 /* AppDelegate.swift */ = {isa = PBXFileReference; lastKnownFileType = sourcecode.swift; path = AppDelegate.swift; sourceTree = "<group>"; };
		720C2AFB2031B44F00A84D60 /* ViewController.swift */ = {isa = PBXFileReference; lastKnownFileType = sourcecode.swift; path = ViewController.swift; sourceTree = "<group>"; };
		720C2AFE2031B44F00A84D60 /* Base */ = {isa = PBXFileReference; lastKnownFileType = file.storyboard; name = Base; path = Base.lproj/Main.storyboard; sourceTree = "<group>"; };
		720C2B002031B44F00A84D60 /* Assets.xcassets */ = {isa = PBXFileReference; lastKnownFileType = folder.assetcatalog; path = Assets.xcassets; sourceTree = "<group>"; };
		720C2B032031B44F00A84D60 /* Base */ = {isa = PBXFileReference; lastKnownFileType = file.storyboard; name = Base; path = Base.lproj/LaunchScreen.storyboard; sourceTree = "<group>"; };
		720C2B0C2031B74500A84D60 /* ko */ = {isa = PBXFileReference; lastKnownFileType = text.plist.strings; name = ko; path = ko.lproj/LaunchScreen.strings; sourceTree = "<group>"; };
		720C2B102031B8EE00A84D60 /* en */ = {isa = PBXFileReference; lastKnownFileType = text.plist.strings; name = en; path = en.lproj/Localizable.strings; sourceTree = "<group>"; };
		720C2B122031B8FD00A84D60 /* ko */ = {isa = PBXFileReference; lastKnownFileType = text.plist.strings; name = ko; path = ko.lproj/Localizable.strings; sourceTree = "<group>"; };
		720C2B152031BCD900A84D60 /* en */ = {isa = PBXFileReference; lastKnownFileType = text.plist.strings; name = en; path = en.lproj/Main.strings; sourceTree = "<group>"; };
		720C2B182031BCFF00A84D60 /* ko */ = {isa = PBXFileReference; lastKnownFileType = text.plist.strings; name = ko; path = ko.lproj/Main.strings; sourceTree = "<group>"; };
		720C2B202031BE6100A84D60 /* en */ = {isa = PBXFileReference; lastKnownFileType = text.plist.strings; name = en; path = en.lproj/InfoPlist.strings; sourceTree = "<group>"; };
		720C2B222031BE6300A84D60 /* ko */ = {isa = PBXFileReference; lastKnownFileType = text.plist.strings; name = ko; path = ko.lproj/InfoPlist.strings; sourceTree = "<group>"; };
		720C2B242031BF0200A84D60 /* Base */ = {isa = PBXFileReference; lastKnownFileType = text.plist.xml; name = Base; path = Base.lproj/Info.plist; sourceTree = "<group>"; };
/* End PBXFileReference section */

/* Begin PBXFrameworksBuildPhase section */
		720C2AF32031B44F00A84D60 /* Frameworks */ = {
			isa = PBXFrameworksBuildPhase;
			buildActionMask = 2147483647;
			files = (
			);
			runOnlyForDeploymentPostprocessing = 0;
		};
/* End PBXFrameworksBuildPhase section */

/* Begin PBXGroup section */
		720C2AED2031B44F00A84D60 = {
			isa = PBXGroup;
			children = (
				720C2AF82031B44F00A84D60 /* Localize */,
				720C2AF72031B44F00A84D60 /* Products */,
			);
			sourceTree = "<group>";
		};
		720C2AF72031B44F00A84D60 /* Products */ = {
			isa = PBXGroup;
			children = (
				720C2AF62031B44F00A84D60 /* Localize.app */,
			);
			name = Products;
			sourceTree = "<group>";
		};
		720C2AF82031B44F00A84D60 /* Localize */ = {
			isa = PBXGroup;
			children = (
				720C2AF92031B44F00A84D60 /* AppDelegate.swift */,
				720C2AFB2031B44F00A84D60 /* ViewController.swift */,
				720C2AFD2031B44F00A84D60 /* Main.storyboard */,
				720C2B002031B44F00A84D60 /* Assets.xcassets */,
				720C2B022031B44F00A84D60 /* LaunchScreen.storyboard */,
				720C2B232031BF0200A84D60 /* Info.plist */,
				720C2B112031B8EE00A84D60 /* Localizable.strings */,
				720C2B212031BE6100A84D60 /* InfoPlist.strings */,
			);
			path = Localize;
			sourceTree = "<group>";
		};
/* End PBXGroup section */

/* Begin PBXNativeTarget section */
		720C2AF52031B44F00A84D60 /* Localize */ = {
			isa = PBXNativeTarget;
			buildConfigurationList = 720C2B082031B44F00A84D60 /* Build configuration list for PBXNativeTarget "Localize" */;
			buildPhases = (
				720C2AF22031B44F00A84D60 /* Sources */,
				720C2AF32031B44F00A84D60 /* Frameworks */,
				720C2AF42031B44F00A84D60 /* Resources */,
			);
			buildRules = (
			);
			dependencies = (
			);
			name = Localize;
			productName = Localize;
			productReference = 720C2AF62031B44F00A84D60 /* Localize.app */;
			productType = "com.apple.product-type.application";
		};
/* End PBXNativeTarget section */

/* Begin PBXProject section */
		720C2AEE2031B44F00A84D60 /* Project object */ = {
			isa = PBXProject;
			attributes = {
				LastSwiftUpdateCheck = 0920;
				LastUpgradeCheck = 0920;
				ORGANIZATIONNAME = CHUNGEUNJI;
				TargetAttributes = {
					720C2AF52031B44F00A84D60 = {
						CreatedOnToolsVersion = 9.2;
						ProvisioningStyle = Automatic;
					};
				};
			};
			buildConfigurationList = 720C2AF12031B44F00A84D60 /* Build configuration list for PBXProject "Localize" */;
			compatibilityVersion = "Xcode 8.0";
			developmentRegion = en;
			hasScannedForEncodings = 0;
			knownRegions = (
				en,
				Base,
				ko,
			);
			mainGroup = 720C2AED2031B44F00A84D60;
			productRefGroup = 720C2AF72031B44F00A84D60 /* Products */;
			projectDirPath = "";
			projectRoot = "";
			targets = (
				720C2AF52031B44F00A84D60 /* Localize */,
			);
		};
/* End PBXProject section */

/* Begin PBXResourcesBuildPhase section */
		720C2AF42031B44F00A84D60 /* Resources */ = {
			isa = PBXResourcesBuildPhase;
			buildActionMask = 2147483647;
			files = (
				720C2B042031B44F00A84D60 /* LaunchScreen.storyboard in Resources */,
				720C2B0F2031B8EE00A84D60 /* Localizable.strings in Resources */,
				720C2B252031BF0200A84D60 /* Info.plist in Resources */,
				720C2B012031B44F00A84D60 /* Assets.xcassets in Resources */,
				720C2AFF2031B44F00A84D60 /* Main.storyboard in Resources */,
				720C2B1F2031BE6100A84D60 /* InfoPlist.strings in Resources */,
			);
			runOnlyForDeploymentPostprocessing = 0;
		};
/* End PBXResourcesBuildPhase section */

/* Begin PBXSourcesBuildPhase section */
		720C2AF22031B44F00A84D60 /* Sources */ = {
			isa = PBXSourcesBuildPhase;
			buildActionMask = 2147483647;
			files = (
				720C2AFC2031B44F00A84D60 /* ViewController.swift in Sources */,
				720C2AFA2031B44F00A84D60 /* AppDelegate.swift in Sources */,
			);
			runOnlyForDeploymentPostprocessing = 0;
		};
/* End PBXSourcesBuildPhase section */

/* Begin PBXVariantGroup section */
		720C2AFD2031B44F00A84D60 /* Main.storyboard */ = {
			isa = PBXVariantGroup;
			children = (
				720C2AFE2031B44F00A84D60 /* Base */,
				720C2B152031BCD900A84D60 /* en */,
				720C2B182031BCFF00A84D60 /* ko */,
			);
			name = Main.storyboard;
			sourceTree = "<group>";
		};
		720C2B022031B44F00A84D60 /* LaunchScreen.storyboard */ = {
			isa = PBXVariantGroup;
			children = (
				720C2B032031B44F00A84D60 /* Base */,
				720C2B0C2031B74500A84D60 /* ko */,
			);
			name = LaunchScreen.storyboard;
			sourceTree = "<group>";
		};
		720C2B112031B8EE00A84D60 /* Localizable.strings */ = {
			isa = PBXVariantGroup;
			children = (
				720C2B102031B8EE00A84D60 /* en */,
				720C2B122031B8FD00A84D60 /* ko */,
			);
			name = Localizable.strings;
			sourceTree = "<group>";
		};
		720C2B212031BE6100A84D60 /* InfoPlist.strings */ = {
			isa = PBXVariantGroup;
			children = (
				720C2B202031BE6100A84D60 /* en */,
				720C2B222031BE6300A84D60 /* ko */,
			);
			name = InfoPlist.strings;
			sourceTree = "<group>";
		};
		720C2B232031BF0200A84D60 /* Info.plist */ = {
			isa = PBXVariantGroup;
			children = (
				720C2B242031BF0200A84D60 /* Base */,
			);
			name = Info.plist;
			sourceTree = "<group>";
		};
/* End PBXVariantGroup section */

/* Begin XCBuildConfiguration section */
		720C2B062031B44F00A84D60 /* Debug */ = {
			isa = XCBuildConfiguration;
			buildSettings = {
				ALWAYS_SEARCH_USER_PATHS = NO;
				CLANG_ANALYZER_LOCALIZABILITY_NONLOCALIZED = YES;
				CLANG_ANALYZER_NONNULL = YES;
				CLANG_ANALYZER_NUMBER_OBJECT_CONVERSION = YES_AGGRESSIVE;
				CLANG_CXX_LANGUAGE_STANDARD = "gnu++14";
				CLANG_CXX_LIBRARY = "libc++";
				CLANG_ENABLE_MODULES = YES;
				CLANG_ENABLE_OBJC_ARC = YES;
				CLANG_WARN_BLOCK_CAPTURE_AUTORELEASING = YES;
				CLANG_WARN_BOOL_CONVERSION = YES;
				CLANG_WARN_COMMA = YES;
				CLANG_WARN_CONSTANT_CONVERSION = YES;
				CLANG_WARN_DIRECT_OBJC_ISA_USAGE = YES_ERROR;
				CLANG_WARN_DOCUMENTATION_COMMENTS = YES;
				CLANG_WARN_EMPTY_BODY = YES;
				CLANG_WARN_ENUM_CONVERSION = YES;
				CLANG_WARN_INFINITE_RECURSION = YES;
				CLANG_WARN_INT_CONVERSION = YES;
				CLANG_WARN_NON_LITERAL_NULL_CONVERSION = YES;
				CLANG_WARN_OBJC_LITERAL_CONVERSION = YES;
				CLANG_WARN_OBJC_ROOT_CLASS = YES_ERROR;
				CLANG_WARN_RANGE_LOOP_ANALYSIS = YES;
				CLANG_WARN_STRICT_PROTOTYPES = YES;
				CLANG_WARN_SUSPICIOUS_MOVE = YES;
				CLANG_WARN_UNGUARDED_AVAILABILITY = YES_AGGRESSIVE;
				CLANG_WARN_UNREACHABLE_CODE = YES;
				CLANG_WARN__DUPLICATE_METHOD_MATCH = YES;
				CODE_SIGN_IDENTITY = "iPhone Developer";
				COPY_PHASE_STRIP = NO;
				DEBUG_INFORMATION_FORMAT = dwarf;
				ENABLE_STRICT_OBJC_MSGSEND = YES;
				ENABLE_TESTABILITY = YES;
				GCC_C_LANGUAGE_STANDARD = gnu11;
				GCC_DYNAMIC_NO_PIC = NO;
				GCC_NO_COMMON_BLOCKS = YES;
				GCC_OPTIMIZATION_LEVEL = 0;
				GCC_PREPROCESSOR_DEFINITIONS = (
					"DEBUG=1",
					"$(inherited)",
				);
				GCC_WARN_64_TO_32_BIT_CONVERSION = YES;
				GCC_WARN_ABOUT_RETURN_TYPE = YES_ERROR;
				GCC_WARN_UNDECLARED_SELECTOR = YES;
				GCC_WARN_UNINITIALIZED_AUTOS = YES_AGGRESSIVE;
				GCC_WARN_UNUSED_FUNCTION = YES;
				GCC_WARN_UNUSED_VARIABLE = YES;
				IPHONEOS_DEPLOYMENT_TARGET = 11.2;
				MTL_ENABLE_DEBUG_INFO = YES;
				ONLY_ACTIVE_ARCH = YES;
				SDKROOT = iphoneos;
				SWIFT_ACTIVE_COMPILATION_CONDITIONS = DEBUG;
				SWIFT_OPTIMIZATION_LEVEL = "-Onone";
			};
			name = Debug;
		};
		720C2B072031B44F00A84D60 /* Release */ = {
			isa = XCBuildConfiguration;
			buildSettings = {
				ALWAYS_SEARCH_USER_PATHS = NO;
				CLANG_ANALYZER_LOCALIZABILITY_NONLOCALIZED = YES;
				CLANG_ANALYZER_NONNULL = YES;
				CLANG_ANALYZER_NUMBER_OBJECT_CONVERSION = YES_AGGRESSIVE;
				CLANG_CXX_LANGUAGE_STANDARD = "gnu++14";
				CLANG_CXX_LIBRARY = "libc++";
				CLANG_ENABLE_MODULES = YES;
				CLANG_ENABLE_OBJC_ARC = YES;
				CLANG_WARN_BLOCK_CAPTURE_AUTORELEASING = YES;
				CLANG_WARN_BOOL_CONVERSION = YES;
				CLANG_WARN_COMMA = YES;
				CLANG_WARN_CONSTANT_CONVERSION = YES;
				CLANG_WARN_DIRECT_OBJC_ISA_USAGE = YES_ERROR;
				CLANG_WARN_DOCUMENTATION_COMMENTS = YES;
				CLANG_WARN_EMPTY_BODY = YES;
				CLANG_WARN_ENUM_CONVERSION = YES;
				CLANG_WARN_INFINITE_RECURSION = YES;
				CLANG_WARN_INT_CONVERSION = YES;
				CLANG_WARN_NON_LITERAL_NULL_CONVERSION = YES;
				CLANG_WARN_OBJC_LITERAL_CONVERSION = YES;
				CLANG_WARN_OBJC_ROOT_CLASS = YES_ERROR;
				CLANG_WARN_RANGE_LOOP_ANALYSIS = YES;
				CLANG_WARN_STRICT_PROTOTYPES = YES;
				CLANG_WARN_SUSPICIOUS_MOVE = YES;
				CLANG_WARN_UNGUARDED_AVAILABILITY = YES_AGGRESSIVE;
				CLANG_WARN_UNREACHABLE_CODE = YES;
				CLANG_WARN__DUPLICATE_METHOD_MATCH = YES;
				CODE_SIGN_IDENTITY = "iPhone Developer";
				COPY_PHASE_STRIP = NO;
				DEBUG_INFORMATION_FORMAT = "dwarf-with-dsym";
				ENABLE_NS_ASSERTIONS = NO;
				ENABLE_STRICT_OBJC_MSGSEND = YES;
				GCC_C_LANGUAGE_STANDARD = gnu11;
				GCC_NO_COMMON_BLOCKS = YES;
				GCC_WARN_64_TO_32_BIT_CONVERSION = YES;
				GCC_WARN_ABOUT_RETURN_TYPE = YES_ERROR;
				GCC_WARN_UNDECLARED_SELECTOR = YES;
				GCC_WARN_UNINITIALIZED_AUTOS = YES_AGGRESSIVE;
				GCC_WARN_UNUSED_FUNCTION = YES;
				GCC_WARN_UNUSED_VARIABLE = YES;
				IPHONEOS_DEPLOYMENT_TARGET = 11.2;
				MTL_ENABLE_DEBUG_INFO = NO;
				SDKROOT = iphoneos;
				SWIFT_OPTIMIZATION_LEVEL = "-Owholemodule";
				VALIDATE_PRODUCT = YES;
			};
			name = Release;
		};
		720C2B092031B44F00A84D60 /* Debug */ = {
			isa = XCBuildConfiguration;
			buildSettings = {
				ASSETCATALOG_COMPILER_APPICON_NAME = AppIcon;
				CODE_SIGN_STYLE = Automatic;
				INFOPLIST_FILE = Localize/Info.plist;
				LD_RUNPATH_SEARCH_PATHS = "$(inherited) @executable_path/Frameworks";
				PRODUCT_BUNDLE_IDENTIFIER = "-.Localize";
				PRODUCT_NAME = "$(TARGET_NAME)";
				SWIFT_VERSION = 4.0;
				TARGETED_DEVICE_FAMILY = "1,2";
			};
			name = Debug;
		};
		720C2B0A2031B44F00A84D60 /* Release */ = {
			isa = XCBuildConfiguration;
			buildSettings = {
				ASSETCATALOG_COMPILER_APPICON_NAME = AppIcon;
				CODE_SIGN_STYLE = Automatic;
				INFOPLIST_FILE = Localize/Info.plist;
				LD_RUNPATH_SEARCH_PATHS = "$(inherited) @executable_path/Frameworks";
				PRODUCT_BUNDLE_IDENTIFIER = "-.Localize";
				PRODUCT_NAME = "$(TARGET_NAME)";
				SWIFT_VERSION = 4.0;
				TARGETED_DEVICE_FAMILY = "1,2";
			};
			name = Release;
		};
/* End XCBuildConfiguration section */

/* Begin XCConfigurationList section */
		720C2AF12031B44F00A84D60 /* Build configuration list for PBXProject "Localize" */ = {
			isa = XCConfigurationList;
			buildConfigurations = (
				720C2B062031B44F00A84D60 /* Debug */,
				720C2B072031B44F00A84D60 /* Release */,
			);
			defaultConfigurationIsVisible = 0;
			defaultConfigurationName = Release;
		};
		720C2B082031B44F00A84D60 /* Build configuration list for PBXNativeTarget "Localize" */ = {
			isa = XCConfigurationList;
			buildConfigurations = (
				720C2B092031B44F00A84D60 /* Debug */,
				720C2B0A2031B44F00A84D60 /* Release */,
			);
			defaultConfigurationIsVisible = 0;
			defaultConfigurationName = Release;
		};
/* End XCConfigurationList section */
	};
	rootObject = 720C2AEE2031B44F00A84D60 /* Project object */;
}
