// !$*UTF8*$!
{
	archiveVersion = 1;
	classes = {
	};
	objectVersion = 48;
	objects = {

/* Begin PBXBuildFile section */
		721CBDC92029738E004B3B55 /* AppDelegate.swift in Sources */ = {isa = PBXBuildFile; fileRef = 721CBDC82029738E004B3B55 /* AppDelegate.swift */; };
		721CBDCB2029738E004B3B55 /* ViewController.swift in Sources */ = {isa = PBXBuildFile; fileRef = 721CBDCA2029738E004B3B55 /* ViewController.swift */; };
		721CBDCE2029738E004B3B55 /* Main.storyboard in Resources */ = {isa = PBXBuildFile; fileRef = 721CBDCC2029738E004B3B55 /* Main.storyboard */; };
		721CBDD02029738E004B3B55 /* Assets.xcassets in Resources */ = {isa = PBXBuildFile; fileRef = 721CBDCF2029738E004B3B55 /* Assets.xcassets */; };
		721CBDD32029738E004B3B55 /* LaunchScreen.storyboard in Resources */ = {isa = PBXBuildFile; fileRef = 721CBDD12029738E004B3B55 /* LaunchScreen.storyboard */; };
		721CBDDB20297F3E004B3B55 /* BannerCollectionViewCell.swift in Sources */ = {isa = PBXBuildFile; fileRef = 721CBDDA20297F3E004B3B55 /* BannerCollectionViewCell.swift */; };
		7268F066202C28FB00E18454 /* DetailViewController.swift in Sources */ = {isa = PBXBuildFile; fileRef = 7268F065202C28FB00E18454 /* DetailViewController.swift */; };
		726BCC0C202C883E00C33217 /* CourseSummaryTableViewCell.swift in Sources */ = {isa = PBXBuildFile; fileRef = 726BCC0B202C883E00C33217 /* CourseSummaryTableViewCell.swift */; };
		72F35E8E202AE956008737B1 /* CourseCollectionViewCell.swift in Sources */ = {isa = PBXBuildFile; fileRef = 72F35E8D202AE956008737B1 /* CourseCollectionViewCell.swift */; };
/* End PBXBuildFile section */

/* Begin PBXFileReference section */
		721CBDC52029738E004B3B55 /* Baemin2.5.app */ = {isa = PBXFileReference; explicitFileType = wrapper.application; includeInIndex = 0; path = Baemin2.5.app; sourceTree = BUILT_PRODUCTS_DIR; };
		721CBDC82029738E004B3B55 /* AppDelegate.swift */ = {isa = PBXFileReference; lastKnownFileType = sourcecode.swift; path = AppDelegate.swift; sourceTree = "<group>"; };
		721CBDCA2029738E004B3B55 /* ViewController.swift */ = {isa = PBXFileReference; lastKnownFileType = sourcecode.swift; path = ViewController.swift; sourceTree = "<group>"; };
		721CBDCD2029738E004B3B55 /* Base */ = {isa = PBXFileReference; lastKnownFileType = file.storyboard; name = Base; path = Base.lproj/Main.storyboard; sourceTree = "<group>"; };
		721CBDCF2029738E004B3B55 /* Assets.xcassets */ = {isa = PBXFileReference; lastKnownFileType = folder.assetcatalog; path = Assets.xcassets; sourceTree = "<group>"; };
		721CBDD22029738E004B3B55 /* Base */ = {isa = PBXFileReference; lastKnownFileType = file.storyboard; name = Base; path = Base.lproj/LaunchScreen.storyboard; sourceTree = "<group>"; };
		721CBDD42029738E004B3B55 /* Info.plist */ = {isa = PBXFileReference; lastKnownFileType = text.plist.xml; path = Info.plist; sourceTree = "<group>"; };
		721CBDDA20297F3E004B3B55 /* BannerCollectionViewCell.swift */ = {isa = PBXFileReference; lastKnownFileType = sourcecode.swift; path = BannerCollectionViewCell.swift; sourceTree = "<group>"; };
		7268F065202C28FB00E18454 /* DetailViewController.swift */ = {isa = PBXFileReference; lastKnownFileType = sourcecode.swift; path = DetailViewController.swift; sourceTree = "<group>"; };
		726BCC0B202C883E00C33217 /* CourseSummaryTableViewCell.swift */ = {isa = PBXFileReference; lastKnownFileType = sourcecode.swift; path = CourseSummaryTableViewCell.swift; sourceTree = "<group>"; };
		72F35E8D202AE956008737B1 /* CourseCollectionViewCell.swift */ = {isa = PBXFileReference; lastKnownFileType = sourcecode.swift; path = CourseCollectionViewCell.swift; sourceTree = "<group>"; };
/* End PBXFileReference section */

/* Begin PBXFrameworksBuildPhase section */
		721CBDC22029738E004B3B55 /* Frameworks */ = {
			isa = PBXFrameworksBuildPhase;
			buildActionMask = 2147483647;
			files = (
			);
			runOnlyForDeploymentPostprocessing = 0;
		};
/* End PBXFrameworksBuildPhase section */

/* Begin PBXGroup section */
		721CBDBC2029738E004B3B55 = {
			isa = PBXGroup;
			children = (
				721CBDC72029738E004B3B55 /* Baemin2.5 */,
				721CBDC62029738E004B3B55 /* Products */,
			);
			sourceTree = "<group>";
		};
		721CBDC62029738E004B3B55 /* Products */ = {
			isa = PBXGroup;
			children = (
				721CBDC52029738E004B3B55 /* Baemin2.5.app */,
			);
			name = Products;
			sourceTree = "<group>";
		};
		721CBDC72029738E004B3B55 /* Baemin2.5 */ = {
			isa = PBXGroup;
			children = (
				721CBDC82029738E004B3B55 /* AppDelegate.swift */,
				721CBDCA2029738E004B3B55 /* ViewController.swift */,
				721CBDCC2029738E004B3B55 /* Main.storyboard */,
				721CBDCF2029738E004B3B55 /* Assets.xcassets */,
				721CBDD12029738E004B3B55 /* LaunchScreen.storyboard */,
				721CBDD42029738E004B3B55 /* Info.plist */,
				721CBDDA20297F3E004B3B55 /* BannerCollectionViewCell.swift */,
				72F35E8D202AE956008737B1 /* CourseCollectionViewCell.swift */,
				7268F065202C28FB00E18454 /* DetailViewController.swift */,
				726BCC0B202C883E00C33217 /* CourseSummaryTableViewCell.swift */,
			);
			path = Baemin2.5;
			sourceTree = "<group>";
		};
/* End PBXGroup section */

/* Begin PBXNativeTarget section */
		721CBDC42029738E004B3B55 /* Baemin2.5 */ = {
			isa = PBXNativeTarget;
			buildConfigurationList = 721CBDD72029738E004B3B55 /* Build configuration list for PBXNativeTarget "Baemin2.5" */;
			buildPhases = (
				721CBDC12029738E004B3B55 /* Sources */,
				721CBDC22029738E004B3B55 /* Frameworks */,
				721CBDC32029738E004B3B55 /* Resources */,
			);
			buildRules = (
			);
			dependencies = (
			);
			name = Baemin2.5;
			productName = Baemin2.5;
			productReference = 721CBDC52029738E004B3B55 /* Baemin2.5.app */;
			productType = "com.apple.product-type.application";
		};
/* End PBXNativeTarget section */

/* Begin PBXProject section */
		721CBDBD2029738E004B3B55 /* Project object */ = {
			isa = PBXProject;
			attributes = {
				LastSwiftUpdateCheck = 0920;
				LastUpgradeCheck = 0920;
				ORGANIZATIONNAME = CHUNGEUNJI;
				TargetAttributes = {
					721CBDC42029738E004B3B55 = {
						CreatedOnToolsVersion = 9.2;
						ProvisioningStyle = Automatic;
					};
				};
			};
			buildConfigurationList = 721CBDC02029738E004B3B55 /* Build configuration list for PBXProject "Baemin2.5" */;
			compatibilityVersion = "Xcode 8.0";
			developmentRegion = en;
			hasScannedForEncodings = 0;
			knownRegions = (
				en,
				Base,
			);
			mainGroup = 721CBDBC2029738E004B3B55;
			productRefGroup = 721CBDC62029738E004B3B55 /* Products */;
			projectDirPath = "";
			projectRoot = "";
			targets = (
				721CBDC42029738E004B3B55 /* Baemin2.5 */,
			);
		};
/* End PBXProject section */

/* Begin PBXResourcesBuildPhase section */
		721CBDC32029738E004B3B55 /* Resources */ = {
			isa = PBXResourcesBuildPhase;
			buildActionMask = 2147483647;
			files = (
				721CBDD32029738E004B3B55 /* LaunchScreen.storyboard in Resources */,
				721CBDD02029738E004B3B55 /* Assets.xcassets in Resources */,
				721CBDCE2029738E004B3B55 /* Main.storyboard in Resources */,
			);
			runOnlyForDeploymentPostprocessing = 0;
		};
/* End PBXResourcesBuildPhase section */

/* Begin PBXSourcesBuildPhase section */
		721CBDC12029738E004B3B55 /* Sources */ = {
			isa = PBXSourcesBuildPhase;
			buildActionMask = 2147483647;
			files = (
				721CBDDB20297F3E004B3B55 /* BannerCollectionViewCell.swift in Sources */,
				72F35E8E202AE956008737B1 /* CourseCollectionViewCell.swift in Sources */,
				7268F066202C28FB00E18454 /* DetailViewController.swift in Sources */,
				721CBDCB2029738E004B3B55 /* ViewController.swift in Sources */,
				726BCC0C202C883E00C33217 /* CourseSummaryTableViewCell.swift in Sources */,
				721CBDC92029738E004B3B55 /* AppDelegate.swift in Sources */,
			);
			runOnlyForDeploymentPostprocessing = 0;
		};
/* End PBXSourcesBuildPhase section */

/* Begin PBXVariantGroup section */
		721CBDCC2029738E004B3B55 /* Main.storyboard */ = {
			isa = PBXVariantGroup;
			children = (
				721CBDCD2029738E004B3B55 /* Base */,
			);
			name = Main.storyboard;
			sourceTree = "<group>";
		};
		721CBDD12029738E004B3B55 /* LaunchScreen.storyboard */ = {
			isa = PBXVariantGroup;
			children = (
				721CBDD22029738E004B3B55 /* Base */,
			);
			name = LaunchScreen.storyboard;
			sourceTree = "<group>";
		};
/* End PBXVariantGroup section */

/* Begin XCBuildConfiguration section */
		721CBDD52029738E004B3B55 /* Debug */ = {
			isa = XCBuildConfiguration;
			buildSettings = {
				ALWAYS_SEARCH_USER_PATHS = NO;
				CLANG_ANALYZER_NONNULL = YES;
				CLANG_ANALYZER_NUMBER_OBJECT_CONVERSION = YES_AGGRESSIVE;
				CLANG_CXX_LANGUAGE_STANDARD = "gnu++14";
				CLANG_CXX_LIBRARY = "libc++";
				CLANG_ENABLE_MODULES = YES;
				CLANG_ENABLE_OBJC_ARC = YES;
				CLANG_WARN_BLOCK_CAPTURE_AUTORELEASING = YES;
				CLANG_WARN_BOOL_CONVERSION = YES;
				CLANG_WARN_COMMA = YES;
				CLANG_WARN_CONSTANT_CONVERSION = YES;
				CLANG_WARN_DIRECT_OBJC_ISA_USAGE = YES_ERROR;
				CLANG_WARN_DOCUMENTATION_COMMENTS = YES;
				CLANG_WARN_EMPTY_BODY = YES;
				CLANG_WARN_ENUM_CONVERSION = YES;
				CLANG_WARN_INFINITE_RECURSION = YES;
				CLANG_WARN_INT_CONVERSION = YES;
				CLANG_WARN_NON_LITERAL_NULL_CONVERSION = YES;
				CLANG_WARN_OBJC_LITERAL_CONVERSION = YES;
				CLANG_WARN_OBJC_ROOT_CLASS = YES_ERROR;
				CLANG_WARN_RANGE_LOOP_ANALYSIS = YES;
				CLANG_WARN_STRICT_PROTOTYPES = YES;
				CLANG_WARN_SUSPICIOUS_MOVE = YES;
				CLANG_WARN_UNGUARDED_AVAILABILITY = YES_AGGRESSIVE;
				CLANG_WARN_UNREACHABLE_CODE = YES;
				CLANG_WARN__DUPLICATE_METHOD_MATCH = YES;
				CODE_SIGN_IDENTITY = "iPhone Developer";
				COPY_PHASE_STRIP = NO;
				DEBUG_INFORMATION_FORMAT = dwarf;
				ENABLE_STRICT_OBJC_MSGSEND = YES;
				ENABLE_TESTABILITY = YES;
				GCC_C_LANGUAGE_STANDARD = gnu11;
				GCC_DYNAMIC_NO_PIC = NO;
				GCC_NO_COMMON_BLOCKS = YES;
				GCC_OPTIMIZATION_LEVEL = 0;
				GCC_PREPROCESSOR_DEFINITIONS = (
					"DEBUG=1",
					"$(inherited)",
				);
				GCC_WARN_64_TO_32_BIT_CONVERSION = YES;
				GCC_WARN_ABOUT_RETURN_TYPE = YES_ERROR;
				GCC_WARN_UNDECLARED_SELECTOR = YES;
				GCC_WARN_UNINITIALIZED_AUTOS = YES_AGGRESSIVE;
				GCC_WARN_UNUSED_FUNCTION = YES;
				GCC_WARN_UNUSED_VARIABLE = YES;
				IPHONEOS_DEPLOYMENT_TARGET = 11.2;
				MTL_ENABLE_DEBUG_INFO = YES;
				ONLY_ACTIVE_ARCH = YES;
				SDKROOT = iphoneos;
				SWIFT_ACTIVE_COMPILATION_CONDITIONS = DEBUG;
				SWIFT_OPTIMIZATION_LEVEL = "-Onone";
			};
			name = Debug;
		};
		721CBDD62029738E004B3B55 /* Release */ = {
			isa = XCBuildConfiguration;
			buildSettings = {
				ALWAYS_SEARCH_USER_PATHS = NO;
				CLANG_ANALYZER_NONNULL = YES;
				CLANG_ANALYZER_NUMBER_OBJECT_CONVERSION = YES_AGGRESSIVE;
				CLANG_CXX_LANGUAGE_STANDARD = "gnu++14";
				CLANG_CXX_LIBRARY = "libc++";
				CLANG_ENABLE_MODULES = YES;
				CLANG_ENABLE_OBJC_ARC = YES;
				CLANG_WARN_BLOCK_CAPTURE_AUTORELEASING = YES;
				CLANG_WARN_BOOL_CONVERSION = YES;
				CLANG_WARN_COMMA = YES;
				CLANG_WARN_CONSTANT_CONVERSION = YES;
				CLANG_WARN_DIRECT_OBJC_ISA_USAGE = YES_ERROR;
				CLANG_WARN_DOCUMENTATION_COMMENTS = YES;
				CLANG_WARN_EMPTY_BODY = YES;
				CLANG_WARN_ENUM_CONVERSION = YES;
				CLANG_WARN_INFINITE_RECURSION = YES;
				CLANG_WARN_INT_CONVERSION = YES;
				CLANG_WARN_NON_LITERAL_NULL_CONVERSION = YES;
				CLANG_WARN_OBJC_LITERAL_CONVERSION = YES;
				CLANG_WARN_OBJC_ROOT_CLASS = YES_ERROR;
				CLANG_WARN_RANGE_LOOP_ANALYSIS = YES;
				CLANG_WARN_STRICT_PROTOTYPES = YES;
				CLANG_WARN_SUSPICIOUS_MOVE = YES;
				CLANG_WARN_UNGUARDED_AVAILABILITY = YES_AGGRESSIVE;
				CLANG_WARN_UNREACHABLE_CODE = YES;
				CLANG_WARN__DUPLICATE_METHOD_MATCH = YES;
				CODE_SIGN_IDENTITY = "iPhone Developer";
				COPY_PHASE_STRIP = NO;
				DEBUG_INFORMATION_FORMAT = "dwarf-with-dsym";
				ENABLE_NS_ASSERTIONS = NO;
				ENABLE_STRICT_OBJC_MSGSEND = YES;
				GCC_C_LANGUAGE_STANDARD = gnu11;
				GCC_NO_COMMON_BLOCKS = YES;
				GCC_WARN_64_TO_32_BIT_CONVERSION = YES;
				GCC_WARN_ABOUT_RETURN_TYPE = YES_ERROR;
				GCC_WARN_UNDECLARED_SELECTOR = YES;
				GCC_WARN_UNINITIALIZED_AUTOS = YES_AGGRESSIVE;
				GCC_WARN_UNUSED_FUNCTION = YES;
				GCC_WARN_UNUSED_VARIABLE = YES;
				IPHONEOS_DEPLOYMENT_TARGET = 11.2;
				MTL_ENABLE_DEBUG_INFO = NO;
				SDKROOT = iphoneos;
				SWIFT_OPTIMIZATION_LEVEL = "-Owholemodule";
				VALIDATE_PRODUCT = YES;
			};
			name = Release;
		};
		721CBDD82029738E004B3B55 /* Debug */ = {
			isa = XCBuildConfiguration;
			buildSettings = {
				ASSETCATALOG_COMPILER_APPICON_NAME = AppIcon;
				CODE_SIGN_STYLE = Automatic;
				INFOPLIST_FILE = Baemin2.5/Info.plist;
				LD_RUNPATH_SEARCH_PATHS = "$(inherited) @executable_path/Frameworks";
				PRODUCT_BUNDLE_IDENTIFIER = "-.Baemin2-5";
				PRODUCT_NAME = "$(TARGET_NAME)";
				SWIFT_VERSION = 4.0;
				TARGETED_DEVICE_FAMILY = "1,2";
			};
			name = Debug;
		};
		721CBDD92029738E004B3B55 /* Release */ = {
			isa = XCBuildConfiguration;
			buildSettings = {
				ASSETCATALOG_COMPILER_APPICON_NAME = AppIcon;
				CODE_SIGN_STYLE = Automatic;
				INFOPLIST_FILE = Baemin2.5/Info.plist;
				LD_RUNPATH_SEARCH_PATHS = "$(inherited) @executable_path/Frameworks";
				PRODUCT_BUNDLE_IDENTIFIER = "-.Baemin2-5";
				PRODUCT_NAME = "$(TARGET_NAME)";
				SWIFT_VERSION = 4.0;
				TARGETED_DEVICE_FAMILY = "1,2";
			};
			name = Release;
		};
/* End XCBuildConfiguration section */

/* Begin XCConfigurationList section */
		721CBDC02029738E004B3B55 /* Build configuration list for PBXProject "Baemin2.5" */ = {
			isa = XCConfigurationList;
			buildConfigurations = (
				721CBDD52029738E004B3B55 /* Debug */,
				721CBDD62029738E004B3B55 /* Release */,
			);
			defaultConfigurationIsVisible = 0;
			defaultConfigurationName = Release;
		};
		721CBDD72029738E004B3B55 /* Build configuration list for PBXNativeTarget "Baemin2.5" */ = {
			isa = XCConfigurationList;
			buildConfigurations = (
				721CBDD82029738E004B3B55 /* Debug */,
				721CBDD92029738E004B3B55 /* Release */,
			);
			defaultConfigurationIsVisible = 0;
			defaultConfigurationName = Release;
		};
/* End XCConfigurationList section */
	};
	rootObject = 721CBDBD2029738E004B3B55 /* Project object */;
}
