// !$*UTF8*$!
{
	archiveVersion = 1;
	classes = {
	};
	objectVersion = 48;
	objects = {

/* Begin PBXBuildFile section */
		7269B8152068E7D7001E43B4 /* AppDelegate.swift in Sources */ = {isa = PBXBuildFile; fileRef = 7269B8142068E7D7001E43B4 /* AppDelegate.swift */; };
		7269B8172068E7D7001E43B4 /* ViewController.swift in Sources */ = {isa = PBXBuildFile; fileRef = 7269B8162068E7D7001E43B4 /* ViewController.swift */; };
		7269B81A2068E7D7001E43B4 /* Main.storyboard in Resources */ = {isa = PBXBuildFile; fileRef = 7269B8182068E7D7001E43B4 /* Main.storyboard */; };
		7269B81D2068E7D7001E43B4 /* MemoApp6.xcdatamodeld in Sources */ = {isa = PBXBuildFile; fileRef = 7269B81B2068E7D7001E43B4 /* MemoApp6.xcdatamodeld */; };
		7269B81F2068E7D7001E43B4 /* Assets.xcassets in Resources */ = {isa = PBXBuildFile; fileRef = 7269B81E2068E7D7001E43B4 /* Assets.xcassets */; };
		7269B8222068E7D7001E43B4 /* LaunchScreen.storyboard in Resources */ = {isa = PBXBuildFile; fileRef = 7269B8202068E7D7001E43B4 /* LaunchScreen.storyboard */; };
		7269B82A2068E86F001E43B4 /* ComposeViewController.swift in Sources */ = {isa = PBXBuildFile; fileRef = 7269B8292068E86F001E43B4 /* ComposeViewController.swift */; };
		7269B82C2068E8B4001E43B4 /* DataManager.swift in Sources */ = {isa = PBXBuildFile; fileRef = 7269B82B2068E8B4001E43B4 /* DataManager.swift */; };
/* End PBXBuildFile section */

/* Begin PBXFileReference section */
		7269B8112068E7D7001E43B4 /* MemoApp6.app */ = {isa = PBXFileReference; explicitFileType = wrapper.application; includeInIndex = 0; path = MemoApp6.app; sourceTree = BUILT_PRODUCTS_DIR; };
		7269B8142068E7D7001E43B4 /* AppDelegate.swift */ = {isa = PBXFileReference; lastKnownFileType = sourcecode.swift; path = AppDelegate.swift; sourceTree = "<group>"; };
		7269B8162068E7D7001E43B4 /* ViewController.swift */ = {isa = PBXFileReference; lastKnownFileType = sourcecode.swift; path = ViewController.swift; sourceTree = "<group>"; };
		7269B8192068E7D7001E43B4 /* Base */ = {isa = PBXFileReference; lastKnownFileType = file.storyboard; name = Base; path = Base.lproj/Main.storyboard; sourceTree = "<group>"; };
		7269B81C2068E7D7001E43B4 /* MemoApp6.xcdatamodel */ = {isa = PBXFileReference; lastKnownFileType = wrapper.xcdatamodel; path = MemoApp6.xcdatamodel; sourceTree = "<group>"; };
		7269B81E2068E7D7001E43B4 /* Assets.xcassets */ = {isa = PBXFileReference; lastKnownFileType = folder.assetcatalog; path = Assets.xcassets; sourceTree = "<group>"; };
		7269B8212068E7D7001E43B4 /* Base */ = {isa = PBXFileReference; lastKnownFileType = file.storyboard; name = Base; path = Base.lproj/LaunchScreen.storyboard; sourceTree = "<group>"; };
		7269B8232068E7D7001E43B4 /* Info.plist */ = {isa = PBXFileReference; lastKnownFileType = text.plist.xml; path = Info.plist; sourceTree = "<group>"; };
		7269B8292068E86F001E43B4 /* ComposeViewController.swift */ = {isa = PBXFileReference; lastKnownFileType = sourcecode.swift; path = ComposeViewController.swift; sourceTree = "<group>"; };
		7269B82B2068E8B4001E43B4 /* DataManager.swift */ = {isa = PBXFileReference; lastKnownFileType = sourcecode.swift; path = DataManager.swift; sourceTree = "<group>"; };
/* End PBXFileReference section */

/* Begin PBXFrameworksBuildPhase section */
		7269B80E2068E7D7001E43B4 /* Frameworks */ = {
			isa = PBXFrameworksBuildPhase;
			buildActionMask = 2147483647;
			files = (
			);
			runOnlyForDeploymentPostprocessing = 0;
		};
/* End PBXFrameworksBuildPhase section */

/* Begin PBXGroup section */
		7269B8082068E7D7001E43B4 = {
			isa = PBXGroup;
			children = (
				7269B8132068E7D7001E43B4 /* MemoApp6 */,
				7269B8122068E7D7001E43B4 /* Products */,
			);
			sourceTree = "<group>";
		};
		7269B8122068E7D7001E43B4 /* Products */ = {
			isa = PBXGroup;
			children = (
				7269B8112068E7D7001E43B4 /* MemoApp6.app */,
			);
			name = Products;
			sourceTree = "<group>";
		};
		7269B8132068E7D7001E43B4 /* MemoApp6 */ = {
			isa = PBXGroup;
			children = (
				7269B8142068E7D7001E43B4 /* AppDelegate.swift */,
				7269B8162068E7D7001E43B4 /* ViewController.swift */,
				7269B8182068E7D7001E43B4 /* Main.storyboard */,
				7269B81E2068E7D7001E43B4 /* Assets.xcassets */,
				7269B8202068E7D7001E43B4 /* LaunchScreen.storyboard */,
				7269B8232068E7D7001E43B4 /* Info.plist */,
				7269B81B2068E7D7001E43B4 /* MemoApp6.xcdatamodeld */,
				7269B8292068E86F001E43B4 /* ComposeViewController.swift */,
				7269B82B2068E8B4001E43B4 /* DataManager.swift */,
			);
			path = MemoApp6;
			sourceTree = "<group>";
		};
/* End PBXGroup section */

/* Begin PBXNativeTarget section */
		7269B8102068E7D7001E43B4 /* MemoApp6 */ = {
			isa = PBXNativeTarget;
			buildConfigurationList = 7269B8262068E7D7001E43B4 /* Build configuration list for PBXNativeTarget "MemoApp6" */;
			buildPhases = (
				7269B80D2068E7D7001E43B4 /* Sources */,
				7269B80E2068E7D7001E43B4 /* Frameworks */,
				7269B80F2068E7D7001E43B4 /* Resources */,
			);
			buildRules = (
			);
			dependencies = (
			);
			name = MemoApp6;
			productName = MemoApp6;
			productReference = 7269B8112068E7D7001E43B4 /* MemoApp6.app */;
			productType = "com.apple.product-type.application";
		};
/* End PBXNativeTarget section */

/* Begin PBXProject section */
		7269B8092068E7D7001E43B4 /* Project object */ = {
			isa = PBXProject;
			attributes = {
				LastSwiftUpdateCheck = 0920;
				LastUpgradeCheck = 0920;
				ORGANIZATIONNAME = CHUNGEUNJI;
				TargetAttributes = {
					7269B8102068E7D7001E43B4 = {
						CreatedOnToolsVersion = 9.2;
						ProvisioningStyle = Automatic;
					};
				};
			};
			buildConfigurationList = 7269B80C2068E7D7001E43B4 /* Build configuration list for PBXProject "MemoApp6" */;
			compatibilityVersion = "Xcode 8.0";
			developmentRegion = en;
			hasScannedForEncodings = 0;
			knownRegions = (
				en,
				Base,
			);
			mainGroup = 7269B8082068E7D7001E43B4;
			productRefGroup = 7269B8122068E7D7001E43B4 /* Products */;
			projectDirPath = "";
			projectRoot = "";
			targets = (
				7269B8102068E7D7001E43B4 /* MemoApp6 */,
			);
		};
/* End PBXProject section */

/* Begin PBXResourcesBuildPhase section */
		7269B80F2068E7D7001E43B4 /* Resources */ = {
			isa = PBXResourcesBuildPhase;
			buildActionMask = 2147483647;
			files = (
				7269B8222068E7D7001E43B4 /* LaunchScreen.storyboard in Resources */,
				7269B81F2068E7D7001E43B4 /* Assets.xcassets in Resources */,
				7269B81A2068E7D7001E43B4 /* Main.storyboard in Resources */,
			);
			runOnlyForDeploymentPostprocessing = 0;
		};
/* End PBXResourcesBuildPhase section */

/* Begin PBXSourcesBuildPhase section */
		7269B80D2068E7D7001E43B4 /* Sources */ = {
			isa = PBXSourcesBuildPhase;
			buildActionMask = 2147483647;
			files = (
				7269B8172068E7D7001E43B4 /* ViewController.swift in Sources */,
				7269B82C2068E8B4001E43B4 /* DataManager.swift in Sources */,
				7269B8152068E7D7001E43B4 /* AppDelegate.swift in Sources */,
				7269B81D2068E7D7001E43B4 /* MemoApp6.xcdatamodeld in Sources */,
				7269B82A2068E86F001E43B4 /* ComposeViewController.swift in Sources */,
			);
			runOnlyForDeploymentPostprocessing = 0;
		};
/* End PBXSourcesBuildPhase section */

/* Begin PBXVariantGroup section */
		7269B8182068E7D7001E43B4 /* Main.storyboard */ = {
			isa = PBXVariantGroup;
			children = (
				7269B8192068E7D7001E43B4 /* Base */,
			);
			name = Main.storyboard;
			sourceTree = "<group>";
		};
		7269B8202068E7D7001E43B4 /* LaunchScreen.storyboard */ = {
			isa = PBXVariantGroup;
			children = (
				7269B8212068E7D7001E43B4 /* Base */,
			);
			name = LaunchScreen.storyboard;
			sourceTree = "<group>";
		};
/* End PBXVariantGroup section */

/* Begin XCBuildConfiguration section */
		7269B8242068E7D7001E43B4 /* Debug */ = {
			isa = XCBuildConfiguration;
			buildSettings = {
				ALWAYS_SEARCH_USER_PATHS = NO;
				CLANG_ANALYZER_NONNULL = YES;
				CLANG_ANALYZER_NUMBER_OBJECT_CONVERSION = YES_AGGRESSIVE;
				CLANG_CXX_LANGUAGE_STANDARD = "gnu++14";
				CLANG_CXX_LIBRARY = "libc++";
				CLANG_ENABLE_MODULES = YES;
				CLANG_ENABLE_OBJC_ARC = YES;
				CLANG_WARN_BLOCK_CAPTURE_AUTORELEASING = YES;
				CLANG_WARN_BOOL_CONVERSION = YES;
				CLANG_WARN_COMMA = YES;
				CLANG_WARN_CONSTANT_CONVERSION = YES;
				CLANG_WARN_DIRECT_OBJC_ISA_USAGE = YES_ERROR;
				CLANG_WARN_DOCUMENTATION_COMMENTS = YES;
				CLANG_WARN_EMPTY_BODY = YES;
				CLANG_WARN_ENUM_CONVERSION = YES;
				CLANG_WARN_INFINITE_RECURSION = YES;
				CLANG_WARN_INT_CONVERSION = YES;
				CLANG_WARN_NON_LITERAL_NULL_CONVERSION = YES;
				CLANG_WARN_OBJC_LITERAL_CONVERSION = YES;
				CLANG_WARN_OBJC_ROOT_CLASS = YES_ERROR;
				CLANG_WARN_RANGE_LOOP_ANALYSIS = YES;
				CLANG_WARN_STRICT_PROTOTYPES = YES;
				CLANG_WARN_SUSPICIOUS_MOVE = YES;
				CLANG_WARN_UNGUARDED_AVAILABILITY = YES_AGGRESSIVE;
				CLANG_WARN_UNREACHABLE_CODE = YES;
				CLANG_WARN__DUPLICATE_METHOD_MATCH = YES;
				CODE_SIGN_IDENTITY = "iPhone Developer";
				COPY_PHASE_STRIP = NO;
				DEBUG_INFORMATION_FORMAT = dwarf;
				ENABLE_STRICT_OBJC_MSGSEND = YES;
				ENABLE_TESTABILITY = YES;
				GCC_C_LANGUAGE_STANDARD = gnu11;
				GCC_DYNAMIC_NO_PIC = NO;
				GCC_NO_COMMON_BLOCKS = YES;
				GCC_OPTIMIZATION_LEVEL = 0;
				GCC_PREPROCESSOR_DEFINITIONS = (
					"DEBUG=1",
					"$(inherited)",
				);
				GCC_WARN_64_TO_32_BIT_CONVERSION = YES;
				GCC_WARN_ABOUT_RETURN_TYPE = YES_ERROR;
				GCC_WARN_UNDECLARED_SELECTOR = YES;
				GCC_WARN_UNINITIALIZED_AUTOS = YES_AGGRESSIVE;
				GCC_WARN_UNUSED_FUNCTION = YES;
				GCC_WARN_UNUSED_VARIABLE = YES;
				IPHONEOS_DEPLOYMENT_TARGET = 11.2;
				MTL_ENABLE_DEBUG_INFO = YES;
				ONLY_ACTIVE_ARCH = YES;
				SDKROOT = iphoneos;
				SWIFT_ACTIVE_COMPILATION_CONDITIONS = DEBUG;
				SWIFT_OPTIMIZATION_LEVEL = "-Onone";
			};
			name = Debug;
		};
		7269B8252068E7D7001E43B4 /* Release */ = {
			isa = XCBuildConfiguration;
			buildSettings = {
				ALWAYS_SEARCH_USER_PATHS = NO;
				CLANG_ANALYZER_NONNULL = YES;
				CLANG_ANALYZER_NUMBER_OBJECT_CONVERSION = YES_AGGRESSIVE;
				CLANG_CXX_LANGUAGE_STANDARD = "gnu++14";
				CLANG_CXX_LIBRARY = "libc++";
				CLANG_ENABLE_MODULES = YES;
				CLANG_ENABLE_OBJC_ARC = YES;
				CLANG_WARN_BLOCK_CAPTURE_AUTORELEASING = YES;
				CLANG_WARN_BOOL_CONVERSION = YES;
				CLANG_WARN_COMMA = YES;
				CLANG_WARN_CONSTANT_CONVERSION = YES;
				CLANG_WARN_DIRECT_OBJC_ISA_USAGE = YES_ERROR;
				CLANG_WARN_DOCUMENTATION_COMMENTS = YES;
				CLANG_WARN_EMPTY_BODY = YES;
				CLANG_WARN_ENUM_CONVERSION = YES;
				CLANG_WARN_INFINITE_RECURSION = YES;
				CLANG_WARN_INT_CONVERSION = YES;
				CLANG_WARN_NON_LITERAL_NULL_CONVERSION = YES;
				CLANG_WARN_OBJC_LITERAL_CONVERSION = YES;
				CLANG_WARN_OBJC_ROOT_CLASS = YES_ERROR;
				CLANG_WARN_RANGE_LOOP_ANALYSIS = YES;
				CLANG_WARN_STRICT_PROTOTYPES = YES;
				CLANG_WARN_SUSPICIOUS_MOVE = YES;
				CLANG_WARN_UNGUARDED_AVAILABILITY = YES_AGGRESSIVE;
				CLANG_WARN_UNREACHABLE_CODE = YES;
				CLANG_WARN__DUPLICATE_METHOD_MATCH = YES;
				CODE_SIGN_IDENTITY = "iPhone Developer";
				COPY_PHASE_STRIP = NO;
				DEBUG_INFORMATION_FORMAT = "dwarf-with-dsym";
				ENABLE_NS_ASSERTIONS = NO;
				ENABLE_STRICT_OBJC_MSGSEND = YES;
				GCC_C_LANGUAGE_STANDARD = gnu11;
				GCC_NO_COMMON_BLOCKS = YES;
				GCC_WARN_64_TO_32_BIT_CONVERSION = YES;
				GCC_WARN_ABOUT_RETURN_TYPE = YES_ERROR;
				GCC_WARN_UNDECLARED_SELECTOR = YES;
				GCC_WARN_UNINITIALIZED_AUTOS = YES_AGGRESSIVE;
				GCC_WARN_UNUSED_FUNCTION = YES;
				GCC_WARN_UNUSED_VARIABLE = YES;
				IPHONEOS_DEPLOYMENT_TARGET = 11.2;
				MTL_ENABLE_DEBUG_INFO = NO;
				SDKROOT = iphoneos;
				SWIFT_OPTIMIZATION_LEVEL = "-Owholemodule";
				VALIDATE_PRODUCT = YES;
			};
			name = Release;
		};
		7269B8272068E7D7001E43B4 /* Debug */ = {
			isa = XCBuildConfiguration;
			buildSettings = {
				ASSETCATALOG_COMPILER_APPICON_NAME = AppIcon;
				CODE_SIGN_STYLE = Automatic;
				INFOPLIST_FILE = MemoApp6/Info.plist;
				LD_RUNPATH_SEARCH_PATHS = "$(inherited) @executable_path/Frameworks";
				PRODUCT_BUNDLE_IDENTIFIER = "-.MemoApp6";
				PRODUCT_NAME = "$(TARGET_NAME)";
				SWIFT_VERSION = 4.0;
				TARGETED_DEVICE_FAMILY = "1,2";
			};
			name = Debug;
		};
		7269B8282068E7D7001E43B4 /* Release */ = {
			isa = XCBuildConfiguration;
			buildSettings = {
				ASSETCATALOG_COMPILER_APPICON_NAME = AppIcon;
				CODE_SIGN_STYLE = Automatic;
				INFOPLIST_FILE = MemoApp6/Info.plist;
				LD_RUNPATH_SEARCH_PATHS = "$(inherited) @executable_path/Frameworks";
				PRODUCT_BUNDLE_IDENTIFIER = "-.MemoApp6";
				PRODUCT_NAME = "$(TARGET_NAME)";
				SWIFT_VERSION = 4.0;
				TARGETED_DEVICE_FAMILY = "1,2";
			};
			name = Release;
		};
/* End XCBuildConfiguration section */

/* Begin XCConfigurationList section */
		7269B80C2068E7D7001E43B4 /* Build configuration list for PBXProject "MemoApp6" */ = {
			isa = XCConfigurationList;
			buildConfigurations = (
				7269B8242068E7D7001E43B4 /* Debug */,
				7269B8252068E7D7001E43B4 /* Release */,
			);
			defaultConfigurationIsVisible = 0;
			defaultConfigurationName = Release;
		};
		7269B8262068E7D7001E43B4 /* Build configuration list for PBXNativeTarget "MemoApp6" */ = {
			isa = XCConfigurationList;
			buildConfigurations = (
				7269B8272068E7D7001E43B4 /* Debug */,
				7269B8282068E7D7001E43B4 /* Release */,
			);
			defaultConfigurationIsVisible = 0;
			defaultConfigurationName = Release;
		};
/* End XCConfigurationList section */

/* Begin XCVersionGroup section */
		7269B81B2068E7D7001E43B4 /* MemoApp6.xcdatamodeld */ = {
			isa = XCVersionGroup;
			children = (
				7269B81C2068E7D7001E43B4 /* MemoApp6.xcdatamodel */,
			);
			currentVersion = 7269B81C2068E7D7001E43B4 /* MemoApp6.xcdatamodel */;
			path = MemoApp6.xcdatamodeld;
			sourceTree = "<group>";
			versionGroupType = wrapper.xcdatamodel;
		};
/* End XCVersionGroup section */
	};
	rootObject = 7269B8092068E7D7001E43B4 /* Project object */;
}
