// !$*UTF8*$!
{
	archiveVersion = 1;
	classes = {
	};
	objectVersion = 48;
	objects = {

/* Begin PBXBuildFile section */
		7251F10C2021F4F20088C3A6 /* CourseCollectionViewCell.swift in Sources */ = {isa = PBXBuildFile; fileRef = 7251F10B2021F4F20088C3A6 /* CourseCollectionViewCell.swift */; };
		72CB63C12021D6FC00C8C5FD /* AppDelegate.swift in Sources */ = {isa = PBXBuildFile; fileRef = 72CB63C02021D6FC00C8C5FD /* AppDelegate.swift */; };
		72CB63C32021D6FC00C8C5FD /* ViewController.swift in Sources */ = {isa = PBXBuildFile; fileRef = 72CB63C22021D6FC00C8C5FD /* ViewController.swift */; };
		72CB63C62021D6FC00C8C5FD /* Main.storyboard in Resources */ = {isa = PBXBuildFile; fileRef = 72CB63C42021D6FC00C8C5FD /* Main.storyboard */; };
		72CB63C82021D6FC00C8C5FD /* Assets.xcassets in Resources */ = {isa = PBXBuildFile; fileRef = 72CB63C72021D6FC00C8C5FD /* Assets.xcassets */; };
		72CB63CB2021D6FC00C8C5FD /* LaunchScreen.storyboard in Resources */ = {isa = PBXBuildFile; fileRef = 72CB63C92021D6FC00C8C5FD /* LaunchScreen.storyboard */; };
		72CB63D32021E6CE00C8C5FD /* BannerCollectionViewCell.swift in Sources */ = {isa = PBXBuildFile; fileRef = 72CB63D22021E6CE00C8C5FD /* BannerCollectionViewCell.swift */; };
		72F35E90202AF0CB008737B1 /* DetailViewController.swift in Sources */ = {isa = PBXBuildFile; fileRef = 72F35E8F202AF0CB008737B1 /* DetailViewController.swift */; };
		72F35E92202B030C008737B1 /* CourseSummaryTableViewCell.swift in Sources */ = {isa = PBXBuildFile; fileRef = 72F35E91202B030C008737B1 /* CourseSummaryTableViewCell.swift */; };
/* End PBXBuildFile section */

/* Begin PBXFileReference section */
		7251F10B2021F4F20088C3A6 /* CourseCollectionViewCell.swift */ = {isa = PBXFileReference; lastKnownFileType = sourcecode.swift; path = CourseCollectionViewCell.swift; sourceTree = "<group>"; };
		72CB63BD2021D6FC00C8C5FD /* Baemin.app */ = {isa = PBXFileReference; explicitFileType = wrapper.application; includeInIndex = 0; path = Baemin.app; sourceTree = BUILT_PRODUCTS_DIR; };
		72CB63C02021D6FC00C8C5FD /* AppDelegate.swift */ = {isa = PBXFileReference; lastKnownFileType = sourcecode.swift; path = AppDelegate.swift; sourceTree = "<group>"; };
		72CB63C22021D6FC00C8C5FD /* ViewController.swift */ = {isa = PBXFileReference; lastKnownFileType = sourcecode.swift; path = ViewController.swift; sourceTree = "<group>"; };
		72CB63C52021D6FC00C8C5FD /* Base */ = {isa = PBXFileReference; lastKnownFileType = file.storyboard; name = Base; path = Base.lproj/Main.storyboard; sourceTree = "<group>"; };
		72CB63C72021D6FC00C8C5FD /* Assets.xcassets */ = {isa = PBXFileReference; lastKnownFileType = folder.assetcatalog; path = Assets.xcassets; sourceTree = "<group>"; };
		72CB63CA2021D6FC00C8C5FD /* Base */ = {isa = PBXFileReference; lastKnownFileType = file.storyboard; name = Base; path = Base.lproj/LaunchScreen.storyboard; sourceTree = "<group>"; };
		72CB63CC2021D6FC00C8C5FD /* Info.plist */ = {isa = PBXFileReference; lastKnownFileType = text.plist.xml; path = Info.plist; sourceTree = "<group>"; };
		72CB63D22021E6CE00C8C5FD /* BannerCollectionViewCell.swift */ = {isa = PBXFileReference; lastKnownFileType = sourcecode.swift; path = BannerCollectionViewCell.swift; sourceTree = "<group>"; };
		72F35E8F202AF0CB008737B1 /* DetailViewController.swift */ = {isa = PBXFileReference; lastKnownFileType = sourcecode.swift; path = DetailViewController.swift; sourceTree = "<group>"; };
		72F35E91202B030C008737B1 /* CourseSummaryTableViewCell.swift */ = {isa = PBXFileReference; lastKnownFileType = sourcecode.swift; path = CourseSummaryTableViewCell.swift; sourceTree = "<group>"; };
/* End PBXFileReference section */

/* Begin PBXFrameworksBuildPhase section */
		72CB63BA2021D6FC00C8C5FD /* Frameworks */ = {
			isa = PBXFrameworksBuildPhase;
			buildActionMask = 2147483647;
			files = (
			);
			runOnlyForDeploymentPostprocessing = 0;
		};
/* End PBXFrameworksBuildPhase section */

/* Begin PBXGroup section */
		72CB63B42021D6FC00C8C5FD = {
			isa = PBXGroup;
			children = (
				72CB63BF2021D6FC00C8C5FD /* Baemin */,
				72CB63BE2021D6FC00C8C5FD /* Products */,
			);
			sourceTree = "<group>";
		};
		72CB63BE2021D6FC00C8C5FD /* Products */ = {
			isa = PBXGroup;
			children = (
				72CB63BD2021D6FC00C8C5FD /* Baemin.app */,
			);
			name = Products;
			sourceTree = "<group>";
		};
		72CB63BF2021D6FC00C8C5FD /* Baemin */ = {
			isa = PBXGroup;
			children = (
				72CB63C02021D6FC00C8C5FD /* AppDelegate.swift */,
				72CB63C22021D6FC00C8C5FD /* ViewController.swift */,
				72CB63C42021D6FC00C8C5FD /* Main.storyboard */,
				72CB63C72021D6FC00C8C5FD /* Assets.xcassets */,
				72CB63C92021D6FC00C8C5FD /* LaunchScreen.storyboard */,
				72CB63CC2021D6FC00C8C5FD /* Info.plist */,
				72CB63D22021E6CE00C8C5FD /* BannerCollectionViewCell.swift */,
				7251F10B2021F4F20088C3A6 /* CourseCollectionViewCell.swift */,
				72F35E8F202AF0CB008737B1 /* DetailViewController.swift */,
				72F35E91202B030C008737B1 /* CourseSummaryTableViewCell.swift */,
			);
			path = Baemin;
			sourceTree = "<group>";
		};
/* End PBXGroup section */

/* Begin PBXNativeTarget section */
		72CB63BC2021D6FC00C8C5FD /* Baemin */ = {
			isa = PBXNativeTarget;
			buildConfigurationList = 72CB63CF2021D6FC00C8C5FD /* Build configuration list for PBXNativeTarget "Baemin" */;
			buildPhases = (
				72CB63B92021D6FC00C8C5FD /* Sources */,
				72CB63BA2021D6FC00C8C5FD /* Frameworks */,
				72CB63BB2021D6FC00C8C5FD /* Resources */,
			);
			buildRules = (
			);
			dependencies = (
			);
			name = Baemin;
			productName = Baemin;
			productReference = 72CB63BD2021D6FC00C8C5FD /* Baemin.app */;
			productType = "com.apple.product-type.application";
		};
/* End PBXNativeTarget section */

/* Begin PBXProject section */
		72CB63B52021D6FC00C8C5FD /* Project object */ = {
			isa = PBXProject;
			attributes = {
				LastSwiftUpdateCheck = 0920;
				LastUpgradeCheck = 0920;
				ORGANIZATIONNAME = CHUNGEUNJI;
				TargetAttributes = {
					72CB63BC2021D6FC00C8C5FD = {
						CreatedOnToolsVersion = 9.2;
						ProvisioningStyle = Automatic;
					};
				};
			};
			buildConfigurationList = 72CB63B82021D6FC00C8C5FD /* Build configuration list for PBXProject "Baemin" */;
			compatibilityVersion = "Xcode 8.0";
			developmentRegion = en;
			hasScannedForEncodings = 0;
			knownRegions = (
				en,
				Base,
			);
			mainGroup = 72CB63B42021D6FC00C8C5FD;
			productRefGroup = 72CB63BE2021D6FC00C8C5FD /* Products */;
			projectDirPath = "";
			projectRoot = "";
			targets = (
				72CB63BC2021D6FC00C8C5FD /* Baemin */,
			);
		};
/* End PBXProject section */

/* Begin PBXResourcesBuildPhase section */
		72CB63BB2021D6FC00C8C5FD /* Resources */ = {
			isa = PBXResourcesBuildPhase;
			buildActionMask = 2147483647;
			files = (
				72CB63CB2021D6FC00C8C5FD /* LaunchScreen.storyboard in Resources */,
				72CB63C82021D6FC00C8C5FD /* Assets.xcassets in Resources */,
				72CB63C62021D6FC00C8C5FD /* Main.storyboard in Resources */,
			);
			runOnlyForDeploymentPostprocessing = 0;
		};
/* End PBXResourcesBuildPhase section */

/* Begin PBXSourcesBuildPhase section */
		72CB63B92021D6FC00C8C5FD /* Sources */ = {
			isa = PBXSourcesBuildPhase;
			buildActionMask = 2147483647;
			files = (
				72CB63D32021E6CE00C8C5FD /* BannerCollectionViewCell.swift in Sources */,
				7251F10C2021F4F20088C3A6 /* CourseCollectionViewCell.swift in Sources */,
				72F35E90202AF0CB008737B1 /* DetailViewController.swift in Sources */,
				72CB63C32021D6FC00C8C5FD /* ViewController.swift in Sources */,
				72F35E92202B030C008737B1 /* CourseSummaryTableViewCell.swift in Sources */,
				72CB63C12021D6FC00C8C5FD /* AppDelegate.swift in Sources */,
			);
			runOnlyForDeploymentPostprocessing = 0;
		};
/* End PBXSourcesBuildPhase section */

/* Begin PBXVariantGroup section */
		72CB63C42021D6FC00C8C5FD /* Main.storyboard */ = {
			isa = PBXVariantGroup;
			children = (
				72CB63C52021D6FC00C8C5FD /* Base */,
			);
			name = Main.storyboard;
			sourceTree = "<group>";
		};
		72CB63C92021D6FC00C8C5FD /* LaunchScreen.storyboard */ = {
			isa = PBXVariantGroup;
			children = (
				72CB63CA2021D6FC00C8C5FD /* Base */,
			);
			name = LaunchScreen.storyboard;
			sourceTree = "<group>";
		};
/* End PBXVariantGroup section */

/* Begin XCBuildConfiguration section */
		72CB63CD2021D6FC00C8C5FD /* Debug */ = {
			isa = XCBuildConfiguration;
			buildSettings = {
				ALWAYS_SEARCH_USER_PATHS = NO;
				CLANG_ANALYZER_NONNULL = YES;
				CLANG_ANALYZER_NUMBER_OBJECT_CONVERSION = YES_AGGRESSIVE;
				CLANG_CXX_LANGUAGE_STANDARD = "gnu++14";
				CLANG_CXX_LIBRARY = "libc++";
				CLANG_ENABLE_MODULES = YES;
				CLANG_ENABLE_OBJC_ARC = YES;
				CLANG_WARN_BLOCK_CAPTURE_AUTORELEASING = YES;
				CLANG_WARN_BOOL_CONVERSION = YES;
				CLANG_WARN_COMMA = YES;
				CLANG_WARN_CONSTANT_CONVERSION = YES;
				CLANG_WARN_DIRECT_OBJC_ISA_USAGE = YES_ERROR;
				CLANG_WARN_DOCUMENTATION_COMMENTS = YES;
				CLANG_WARN_EMPTY_BODY = YES;
				CLANG_WARN_ENUM_CONVERSION = YES;
				CLANG_WARN_INFINITE_RECURSION = YES;
				CLANG_WARN_INT_CONVERSION = YES;
				CLANG_WARN_NON_LITERAL_NULL_CONVERSION = YES;
				CLANG_WARN_OBJC_LITERAL_CONVERSION = YES;
				CLANG_WARN_OBJC_ROOT_CLASS = YES_ERROR;
				CLANG_WARN_RANGE_LOOP_ANALYSIS = YES;
				CLANG_WARN_STRICT_PROTOTYPES = YES;
				CLANG_WARN_SUSPICIOUS_MOVE = YES;
				CLANG_WARN_UNGUARDED_AVAILABILITY = YES_AGGRESSIVE;
				CLANG_WARN_UNREACHABLE_CODE = YES;
				CLANG_WARN__DUPLICATE_METHOD_MATCH = YES;
				CODE_SIGN_IDENTITY = "iPhone Developer";
				COPY_PHASE_STRIP = NO;
				DEBUG_INFORMATION_FORMAT = dwarf;
				ENABLE_STRICT_OBJC_MSGSEND = YES;
				ENABLE_TESTABILITY = YES;
				GCC_C_LANGUAGE_STANDARD = gnu11;
				GCC_DYNAMIC_NO_PIC = NO;
				GCC_NO_COMMON_BLOCKS = YES;
				GCC_OPTIMIZATION_LEVEL = 0;
				GCC_PREPROCESSOR_DEFINITIONS = (
					"DEBUG=1",
					"$(inherited)",
				);
				GCC_WARN_64_TO_32_BIT_CONVERSION = YES;
				GCC_WARN_ABOUT_RETURN_TYPE = YES_ERROR;
				GCC_WARN_UNDECLARED_SELECTOR = YES;
				GCC_WARN_UNINITIALIZED_AUTOS = YES_AGGRESSIVE;
				GCC_WARN_UNUSED_FUNCTION = YES;
				GCC_WARN_UNUSED_VARIABLE = YES;
				IPHONEOS_DEPLOYMENT_TARGET = 11.2;
				MTL_ENABLE_DEBUG_INFO = YES;
				ONLY_ACTIVE_ARCH = YES;
				SDKROOT = iphoneos;
				SWIFT_ACTIVE_COMPILATION_CONDITIONS = DEBUG;
				SWIFT_OPTIMIZATION_LEVEL = "-Onone";
			};
			name = Debug;
		};
		72CB63CE2021D6FC00C8C5FD /* Release */ = {
			isa = XCBuildConfiguration;
			buildSettings = {
				ALWAYS_SEARCH_USER_PATHS = NO;
				CLANG_ANALYZER_NONNULL = YES;
				CLANG_ANALYZER_NUMBER_OBJECT_CONVERSION = YES_AGGRESSIVE;
				CLANG_CXX_LANGUAGE_STANDARD = "gnu++14";
				CLANG_CXX_LIBRARY = "libc++";
				CLANG_ENABLE_MODULES = YES;
				CLANG_ENABLE_OBJC_ARC = YES;
				CLANG_WARN_BLOCK_CAPTURE_AUTORELEASING = YES;
				CLANG_WARN_BOOL_CONVERSION = YES;
				CLANG_WARN_COMMA = YES;
				CLANG_WARN_CONSTANT_CONVERSION = YES;
				CLANG_WARN_DIRECT_OBJC_ISA_USAGE = YES_ERROR;
				CLANG_WARN_DOCUMENTATION_COMMENTS = YES;
				CLANG_WARN_EMPTY_BODY = YES;
				CLANG_WARN_ENUM_CONVERSION = YES;
				CLANG_WARN_INFINITE_RECURSION = YES;
				CLANG_WARN_INT_CONVERSION = YES;
				CLANG_WARN_NON_LITERAL_NULL_CONVERSION = YES;
				CLANG_WARN_OBJC_LITERAL_CONVERSION = YES;
				CLANG_WARN_OBJC_ROOT_CLASS = YES_ERROR;
				CLANG_WARN_RANGE_LOOP_ANALYSIS = YES;
				CLANG_WARN_STRICT_PROTOTYPES = YES;
				CLANG_WARN_SUSPICIOUS_MOVE = YES;
				CLANG_WARN_UNGUARDED_AVAILABILITY = YES_AGGRESSIVE;
				CLANG_WARN_UNREACHABLE_CODE = YES;
				CLANG_WARN__DUPLICATE_METHOD_MATCH = YES;
				CODE_SIGN_IDENTITY = "iPhone Developer";
				COPY_PHASE_STRIP = NO;
				DEBUG_INFORMATION_FORMAT = "dwarf-with-dsym";
				ENABLE_NS_ASSERTIONS = NO;
				ENABLE_STRICT_OBJC_MSGSEND = YES;
				GCC_C_LANGUAGE_STANDARD = gnu11;
				GCC_NO_COMMON_BLOCKS = YES;
				GCC_WARN_64_TO_32_BIT_CONVERSION = YES;
				GCC_WARN_ABOUT_RETURN_TYPE = YES_ERROR;
				GCC_WARN_UNDECLARED_SELECTOR = YES;
				GCC_WARN_UNINITIALIZED_AUTOS = YES_AGGRESSIVE;
				GCC_WARN_UNUSED_FUNCTION = YES;
				GCC_WARN_UNUSED_VARIABLE = YES;
				IPHONEOS_DEPLOYMENT_TARGET = 11.2;
				MTL_ENABLE_DEBUG_INFO = NO;
				SDKROOT = iphoneos;
				SWIFT_OPTIMIZATION_LEVEL = "-Owholemodule";
				VALIDATE_PRODUCT = YES;
			};
			name = Release;
		};
		72CB63D02021D6FC00C8C5FD /* Debug */ = {
			isa = XCBuildConfiguration;
			buildSettings = {
				ASSETCATALOG_COMPILER_APPICON_NAME = AppIcon;
				CODE_SIGN_STYLE = Automatic;
				INFOPLIST_FILE = Baemin/Info.plist;
				LD_RUNPATH_SEARCH_PATHS = "$(inherited) @executable_path/Frameworks";
				PRODUCT_BUNDLE_IDENTIFIER = "-.Baemin";
				PRODUCT_NAME = "$(TARGET_NAME)";
				SWIFT_VERSION = 4.0;
				TARGETED_DEVICE_FAMILY = "1,2";
			};
			name = Debug;
		};
		72CB63D12021D6FC00C8C5FD /* Release */ = {
			isa = XCBuildConfiguration;
			buildSettings = {
				ASSETCATALOG_COMPILER_APPICON_NAME = AppIcon;
				CODE_SIGN_STYLE = Automatic;
				INFOPLIST_FILE = Baemin/Info.plist;
				LD_RUNPATH_SEARCH_PATHS = "$(inherited) @executable_path/Frameworks";
				PRODUCT_BUNDLE_IDENTIFIER = "-.Baemin";
				PRODUCT_NAME = "$(TARGET_NAME)";
				SWIFT_VERSION = 4.0;
				TARGETED_DEVICE_FAMILY = "1,2";
			};
			name = Release;
		};
/* End XCBuildConfiguration section */

/* Begin XCConfigurationList section */
		72CB63B82021D6FC00C8C5FD /* Build configuration list for PBXProject "Baemin" */ = {
			isa = XCConfigurationList;
			buildConfigurations = (
				72CB63CD2021D6FC00C8C5FD /* Debug */,
				72CB63CE2021D6FC00C8C5FD /* Release */,
			);
			defaultConfigurationIsVisible = 0;
			defaultConfigurationName = Release;
		};
		72CB63CF2021D6FC00C8C5FD /* Build configuration list for PBXNativeTarget "Baemin" */ = {
			isa = XCConfigurationList;
			buildConfigurations = (
				72CB63D02021D6FC00C8C5FD /* Debug */,
				72CB63D12021D6FC00C8C5FD /* Release */,
			);
			defaultConfigurationIsVisible = 0;
			defaultConfigurationName = Release;
		};
/* End XCConfigurationList section */
	};
	rootObject = 72CB63B52021D6FC00C8C5FD /* Project object */;
}
